
Microsoft Visual Studio Solution File, Format Version 12.00
# Visual Studio Version 17
VisualStudioVersion = 17.8.34511.84
MinimumVisualStudioVersion = 10.0.40219.1
Project("{FAE04EC0-301F-11D3-BF4B-00C04F79EFBC}") = "WebApplication2", "WebApplication2\WebApplication2.csproj", "{BEF5A7A5-29D9-403B-B90B-00ABFC2B15A2}"
EndProject
Global
	GlobalSection(SolutionConfigurationPlatforms) = preSolution
		Debug|Any CPU = Debug|Any CPU
		Release|Any CPU = Release|Any CPU
	EndGlobalSection
	GlobalSection(ProjectConfigurationPlatforms) = postSolution
		{BEF5A7A5-29D9-403B-B90B-00ABFC2B15A2}.Debug|Any CPU.ActiveCfg = Debug|Any CPU
		{BEF5A7A5-29D9-403B-B90B-00ABFC2B15A2}.Debug|Any CPU.Build.0 = Debug|Any CPU
		{BEF5A7A5-29D9-403B-B90B-00ABFC2B15A2}.Release|Any CPU.ActiveCfg = Release|Any CPU
		{BEF5A7A5-29D9-403B-B90B-00ABFC2B15A2}.Release|Any CPU.Build.0 = Release|Any CPU
	EndGlobalSection
	GlobalSection(SolutionProperties) = preSolution
		HideSolutionNode = FALSE
	EndGlobalSection
	GlobalSection(ExtensibilityGlobals) = postSolution
		SolutionGuid = {8B12E7B0-D915-490E-87E3-9BF84B731264}
	EndGlobalSection
EndGlobal
